// !$*UTF8*$!
{
	archiveVersion = 1;
	classes = {
	};
	objectVersion = 55;
	objects = {

/* Begin PBXBuildFile section */
		AD0AE8EC286479E8002A653B /* SymblSwiftSDK in Frameworks */ = {isa = PBXBuildFile; productRef = AD0AE8EB286479E8002A653B /* SymblSwiftSDK */; };
		AD0AE8EE286479ED002A653B /* SymblSwiftSDK in Frameworks */ = {isa = PBXBuildFile; productRef = AD0AE8ED286479ED002A653B /* SymblSwiftSDK */; };
		AD0C1B972859ACA6009B810B /* Extensions.swift in Sources */ = {isa = PBXBuildFile; fileRef = AD0C1B962859ACA6009B810B /* Extensions.swift */; };
		AD0C1B9B2859AF5E009B810B /* CaptureSession.swift in Sources */ = {isa = PBXBuildFile; fileRef = AD0C1B9A2859AF5E009B810B /* CaptureSession.swift */; };
		AD14D0012862E22B002F00D8 /* RecordingView.swift in Sources */ = {isa = PBXBuildFile; fileRef = AD14D0002862E22B002F00D8 /* RecordingView.swift */; };
		AD30DE2A2859A902000D3ACF /* Tests_iOS.swift in Sources */ = {isa = PBXBuildFile; fileRef = AD30DE292859A902000D3ACF /* Tests_iOS.swift */; };
		AD30DE2C2859A902000D3ACF /* Tests_iOSLaunchTests.swift in Sources */ = {isa = PBXBuildFile; fileRef = AD30DE2B2859A902000D3ACF /* Tests_iOSLaunchTests.swift */; };
		AD30DE362859A902000D3ACF /* Tests_macOS.swift in Sources */ = {isa = PBXBuildFile; fileRef = AD30DE352859A902000D3ACF /* Tests_macOS.swift */; };
		AD30DE382859A902000D3ACF /* Tests_macOSLaunchTests.swift in Sources */ = {isa = PBXBuildFile; fileRef = AD30DE372859A902000D3ACF /* Tests_macOSLaunchTests.swift */; };
		AD30DE392859A902000D3ACF /* SymblDemo.xcdatamodeld in Sources */ = {isa = PBXBuildFile; fileRef = AD30DE0E2859A901000D3ACF /* SymblDemo.xcdatamodeld */; };
		AD30DE3A2859A902000D3ACF /* SymblDemo.xcdatamodeld in Sources */ = {isa = PBXBuildFile; fileRef = AD30DE0E2859A901000D3ACF /* SymblDemo.xcdatamodeld */; };
		AD30DE3B2859A902000D3ACF /* SymblDemoApp.swift in Sources */ = {isa = PBXBuildFile; fileRef = AD30DE102859A901000D3ACF /* SymblDemoApp.swift */; };
		AD30DE3C2859A902000D3ACF /* SymblDemoApp.swift in Sources */ = {isa = PBXBuildFile; fileRef = AD30DE102859A901000D3ACF /* SymblDemoApp.swift */; };
		AD30DE3D2859A902000D3ACF /* ContentView.swift in Sources */ = {isa = PBXBuildFile; fileRef = AD30DE112859A901000D3ACF /* ContentView.swift */; };
		AD30DE3E2859A902000D3ACF /* ContentView.swift in Sources */ = {isa = PBXBuildFile; fileRef = AD30DE112859A901000D3ACF /* ContentView.swift */; };
		AD30DE3F2859A902000D3ACF /* Persistence.swift in Sources */ = {isa = PBXBuildFile; fileRef = AD30DE122859A901000D3ACF /* Persistence.swift */; };
		AD30DE402859A902000D3ACF /* Persistence.swift in Sources */ = {isa = PBXBuildFile; fileRef = AD30DE122859A901000D3ACF /* Persistence.swift */; };
		AD30DE412859A902000D3ACF /* Assets.xcassets in Resources */ = {isa = PBXBuildFile; fileRef = AD30DE132859A902000D3ACF /* Assets.xcassets */; };
		AD30DE422859A902000D3ACF /* Assets.xcassets in Resources */ = {isa = PBXBuildFile; fileRef = AD30DE132859A902000D3ACF /* Assets.xcassets */; };
		ADD2620F2863487B00F482B2 /* RecordingView.swift in Sources */ = {isa = PBXBuildFile; fileRef = AD14D0002862E22B002F00D8 /* RecordingView.swift */; };
/* End PBXBuildFile section */

/* Begin PBXContainerItemProxy section */
		AD30DE262859A902000D3ACF /* PBXContainerItemProxy */ = {
			isa = PBXContainerItemProxy;
			containerPortal = AD30DE092859A901000D3ACF /* Project object */;
			proxyType = 1;
			remoteGlobalIDString = AD30DE172859A902000D3ACF;
			remoteInfo = "SymblDemo (iOS)";
		};
		AD30DE322859A902000D3ACF /* PBXContainerItemProxy */ = {
			isa = PBXContainerItemProxy;
			containerPortal = AD30DE092859A901000D3ACF /* Project object */;
			proxyType = 1;
			remoteGlobalIDString = AD30DE1D2859A902000D3ACF;
			remoteInfo = "SymblDemo (macOS)";
		};
/* End PBXContainerItemProxy section */

/* Begin PBXFileReference section */
		AD0AE8EA286479DE002A653B /* symbl-swift-sdk */ = {isa = PBXFileReference; lastKnownFileType = wrapper; name = "symbl-swift-sdk"; path = "../symbl-swift-sdk"; sourceTree = "<group>"; };
		AD0C1B962859ACA6009B810B /* Extensions.swift */ = {isa = PBXFileReference; lastKnownFileType = sourcecode.swift; path = Extensions.swift; sourceTree = "<group>"; };
		AD0C1B9A2859AF5E009B810B /* CaptureSession.swift */ = {isa = PBXFileReference; lastKnownFileType = sourcecode.swift; path = CaptureSession.swift; sourceTree = "<group>"; };
		AD0C1B9C2859B0C4009B810B /* SymblDemo--iOS--Info.plist */ = {isa = PBXFileReference; lastKnownFileType = text.plist; path = "SymblDemo--iOS--Info.plist"; sourceTree = "<group>"; };
		AD14D0002862E22B002F00D8 /* RecordingView.swift */ = {isa = PBXFileReference; lastKnownFileType = sourcecode.swift; path = RecordingView.swift; sourceTree = "<group>"; };
		AD30DE0F2859A901000D3ACF /* Shared.xcdatamodel */ = {isa = PBXFileReference; lastKnownFileType = wrapper.xcdatamodel; path = Shared.xcdatamodel; sourceTree = "<group>"; };
		AD30DE102859A901000D3ACF /* SymblDemoApp.swift */ = {isa = PBXFileReference; lastKnownFileType = sourcecode.swift; path = SymblDemoApp.swift; sourceTree = "<group>"; };
		AD30DE112859A901000D3ACF /* ContentView.swift */ = {isa = PBXFileReference; lastKnownFileType = sourcecode.swift; path = ContentView.swift; sourceTree = "<group>"; };
		AD30DE122859A901000D3ACF /* Persistence.swift */ = {isa = PBXFileReference; lastKnownFileType = sourcecode.swift; path = Persistence.swift; sourceTree = "<group>"; };
		AD30DE132859A902000D3ACF /* Assets.xcassets */ = {isa = PBXFileReference; lastKnownFileType = folder.assetcatalog; path = Assets.xcassets; sourceTree = "<group>"; };
		AD30DE182859A902000D3ACF /* SymblDemo.app */ = {isa = PBXFileReference; explicitFileType = wrapper.application; includeInIndex = 0; path = SymblDemo.app; sourceTree = BUILT_PRODUCTS_DIR; };
		AD30DE1E2859A902000D3ACF /* SymblDemo.app */ = {isa = PBXFileReference; explicitFileType = wrapper.application; includeInIndex = 0; path = SymblDemo.app; sourceTree = BUILT_PRODUCTS_DIR; };
		AD30DE202859A902000D3ACF /* macOS.entitlements */ = {isa = PBXFileReference; lastKnownFileType = text.plist.entitlements; path = macOS.entitlements; sourceTree = "<group>"; };
		AD30DE252859A902000D3ACF /* Tests iOS.xctest */ = {isa = PBXFileReference; explicitFileType = wrapper.cfbundle; includeInIndex = 0; path = "Tests iOS.xctest"; sourceTree = BUILT_PRODUCTS_DIR; };
		AD30DE292859A902000D3ACF /* Tests_iOS.swift */ = {isa = PBXFileReference; lastKnownFileType = sourcecode.swift; path = Tests_iOS.swift; sourceTree = "<group>"; };
		AD30DE2B2859A902000D3ACF /* Tests_iOSLaunchTests.swift */ = {isa = PBXFileReference; lastKnownFileType = sourcecode.swift; path = Tests_iOSLaunchTests.swift; sourceTree = "<group>"; };
		AD30DE312859A902000D3ACF /* Tests macOS.xctest */ = {isa = PBXFileReference; explicitFileType = wrapper.cfbundle; includeInIndex = 0; path = "Tests macOS.xctest"; sourceTree = BUILT_PRODUCTS_DIR; };
		AD30DE352859A902000D3ACF /* Tests_macOS.swift */ = {isa = PBXFileReference; lastKnownFileType = sourcecode.swift; path = Tests_macOS.swift; sourceTree = "<group>"; };
		AD30DE372859A902000D3ACF /* Tests_macOSLaunchTests.swift */ = {isa = PBXFileReference; lastKnownFileType = sourcecode.swift; path = Tests_macOSLaunchTests.swift; sourceTree = "<group>"; };
/* End PBXFileReference section */

/* Begin PBXFrameworksBuildPhase section */
		AD30DE152859A902000D3ACF /* Frameworks */ = {
			isa = PBXFrameworksBuildPhase;
			buildActionMask = 2147483647;
			files = (
				AD0AE8EC286479E8002A653B /* SymblSwiftSDK in Frameworks */,
			);
			runOnlyForDeploymentPostprocessing = 0;
		};
		AD30DE1B2859A902000D3ACF /* Frameworks */ = {
			isa = PBXFrameworksBuildPhase;
			buildActionMask = 2147483647;
			files = (
				AD0AE8EE286479ED002A653B /* SymblSwiftSDK in Frameworks */,
			);
			runOnlyForDeploymentPostprocessing = 0;
		};
		AD30DE222859A902000D3ACF /* Frameworks */ = {
			isa = PBXFrameworksBuildPhase;
			buildActionMask = 2147483647;
			files = (
			);
			runOnlyForDeploymentPostprocessing = 0;
		};
		AD30DE2E2859A902000D3ACF /* Frameworks */ = {
			isa = PBXFrameworksBuildPhase;
			buildActionMask = 2147483647;
			files = (
			);
			runOnlyForDeploymentPostprocessing = 0;
		};
/* End PBXFrameworksBuildPhase section */

/* Begin PBXGroup section */
		AD0AE8E9286479DE002A653B /* Packages */ = {
			isa = PBXGroup;
			children = (
				AD0AE8EA286479DE002A653B /* symbl-swift-sdk */,
			);
			name = Packages;
			sourceTree = "<group>";
		};
		AD0C1B952859AC8C009B810B /* Extensions */ = {
			isa = PBXGroup;
			children = (
				AD0C1B962859ACA6009B810B /* Extensions.swift */,
			);
			path = Extensions;
			sourceTree = "<group>";
		};
		AD14CFFB2862DE0B002F00D8 /* Frameworks */ = {
			isa = PBXGroup;
			children = (
			);
			name = Frameworks;
			sourceTree = "<group>";
		};
		AD30DE082859A901000D3ACF = {
			isa = PBXGroup;
			children = (
				AD0AE8E9286479DE002A653B /* Packages */,
				AD0C1B9C2859B0C4009B810B /* SymblDemo--iOS--Info.plist */,
				AD30DE0D2859A901000D3ACF /* Shared */,
				AD30DE1F2859A902000D3ACF /* macOS */,
				AD30DE282859A902000D3ACF /* Tests iOS */,
				AD30DE342859A902000D3ACF /* Tests macOS */,
				AD30DE192859A902000D3ACF /* Products */,
				AD14CFFB2862DE0B002F00D8 /* Frameworks */,
			);
			sourceTree = "<group>";
		};
		AD30DE0D2859A901000D3ACF /* Shared */ = {
			isa = PBXGroup;
			children = (
				AD0C1B952859AC8C009B810B /* Extensions */,
				AD30DE102859A901000D3ACF /* SymblDemoApp.swift */,
				AD30DE112859A901000D3ACF /* ContentView.swift */,
				AD30DE122859A901000D3ACF /* Persistence.swift */,
				AD30DE132859A902000D3ACF /* Assets.xcassets */,
				AD30DE0E2859A901000D3ACF /* SymblDemo.xcdatamodeld */,
				AD0C1B9A2859AF5E009B810B /* CaptureSession.swift */,
				AD14D0002862E22B002F00D8 /* RecordingView.swift */,
			);
			path = Shared;
			sourceTree = "<group>";
		};
		AD30DE192859A902000D3ACF /* Products */ = {
			isa = PBXGroup;
			children = (
				AD30DE182859A902000D3ACF /* SymblDemo.app */,
				AD30DE1E2859A902000D3ACF /* SymblDemo.app */,
				AD30DE252859A902000D3ACF /* Tests iOS.xctest */,
				AD30DE312859A902000D3ACF /* Tests macOS.xctest */,
			);
			name = Products;
			sourceTree = "<group>";
		};
		AD30DE1F2859A902000D3ACF /* macOS */ = {
			isa = PBXGroup;
			children = (
				AD30DE202859A902000D3ACF /* macOS.entitlements */,
			);
			path = macOS;
			sourceTree = "<group>";
		};
		AD30DE282859A902000D3ACF /* Tests iOS */ = {
			isa = PBXGroup;
			children = (
				AD30DE292859A902000D3ACF /* Tests_iOS.swift */,
				AD30DE2B2859A902000D3ACF /* Tests_iOSLaunchTests.swift */,
			);
			path = "Tests iOS";
			sourceTree = "<group>";
		};
		AD30DE342859A902000D3ACF /* Tests macOS */ = {
			isa = PBXGroup;
			children = (
				AD30DE352859A902000D3ACF /* Tests_macOS.swift */,
				AD30DE372859A902000D3ACF /* Tests_macOSLaunchTests.swift */,
			);
			path = "Tests macOS";
			sourceTree = "<group>";
		};
/* End PBXGroup section */

/* Begin PBXNativeTarget section */
		AD30DE172859A902000D3ACF /* SymblDemo (iOS) */ = {
			isa = PBXNativeTarget;
			buildConfigurationList = AD30DE452859A902000D3ACF /* Build configuration list for PBXNativeTarget "SymblDemo (iOS)" */;
			buildPhases = (
				AD30DE142859A902000D3ACF /* Sources */,
				AD30DE152859A902000D3ACF /* Frameworks */,
				AD30DE162859A902000D3ACF /* Resources */,
			);
			buildRules = (
			);
			dependencies = (
			);
			name = "SymblDemo (iOS)";
			packageProductDependencies = (
				AD0AE8EB286479E8002A653B /* SymblSwiftSDK */,
			);
			productName = "SymblDemo (iOS)";
			productReference = AD30DE182859A902000D3ACF /* SymblDemo.app */;
			productType = "com.apple.product-type.application";
		};
		AD30DE1D2859A902000D3ACF /* SymblDemo (macOS) */ = {
			isa = PBXNativeTarget;
			buildConfigurationList = AD30DE482859A902000D3ACF /* Build configuration list for PBXNativeTarget "SymblDemo (macOS)" */;
			buildPhases = (
				AD30DE1A2859A902000D3ACF /* Sources */,
				AD30DE1B2859A902000D3ACF /* Frameworks */,
				AD30DE1C2859A902000D3ACF /* Resources */,
			);
			buildRules = (
			);
			dependencies = (
			);
			name = "SymblDemo (macOS)";
			packageProductDependencies = (
				AD0AE8ED286479ED002A653B /* SymblSwiftSDK */,
			);
			productName = "SymblDemo (macOS)";
			productReference = AD30DE1E2859A902000D3ACF /* SymblDemo.app */;
			productType = "com.apple.product-type.application";
		};
		AD30DE242859A902000D3ACF /* Tests iOS */ = {
			isa = PBXNativeTarget;
			buildConfigurationList = AD30DE4B2859A902000D3ACF /* Build configuration list for PBXNativeTarget "Tests iOS" */;
			buildPhases = (
				AD30DE212859A902000D3ACF /* Sources */,
				AD30DE222859A902000D3ACF /* Frameworks */,
				AD30DE232859A902000D3ACF /* Resources */,
			);
			buildRules = (
			);
			dependencies = (
				AD30DE272859A902000D3ACF /* PBXTargetDependency */,
			);
			name = "Tests iOS";
			productName = "Tests iOS";
			productReference = AD30DE252859A902000D3ACF /* Tests iOS.xctest */;
			productType = "com.apple.product-type.bundle.ui-testing";
		};
		AD30DE302859A902000D3ACF /* Tests macOS */ = {
			isa = PBXNativeTarget;
			buildConfigurationList = AD30DE4E2859A902000D3ACF /* Build configuration list for PBXNativeTarget "Tests macOS" */;
			buildPhases = (
				AD30DE2D2859A902000D3ACF /* Sources */,
				AD30DE2E2859A902000D3ACF /* Frameworks */,
				AD30DE2F2859A902000D3ACF /* Resources */,
			);
			buildRules = (
			);
			dependencies = (
				AD30DE332859A902000D3ACF /* PBXTargetDependency */,
			);
			name = "Tests macOS";
			productName = "Tests macOS";
			productReference = AD30DE312859A902000D3ACF /* Tests macOS.xctest */;
			productType = "com.apple.product-type.bundle.ui-testing";
		};
/* End PBXNativeTarget section */

/* Begin PBXProject section */
		AD30DE092859A901000D3ACF /* Project object */ = {
			isa = PBXProject;
			attributes = {
				BuildIndependentTargetsInParallel = 1;
				LastSwiftUpdateCheck = 1340;
				LastUpgradeCheck = 1340;
				TargetAttributes = {
					AD30DE172859A902000D3ACF = {
						CreatedOnToolsVersion = 13.4.1;
					};
					AD30DE1D2859A902000D3ACF = {
						CreatedOnToolsVersion = 13.4.1;
					};
					AD30DE242859A902000D3ACF = {
						CreatedOnToolsVersion = 13.4.1;
						TestTargetID = AD30DE172859A902000D3ACF;
					};
					AD30DE302859A902000D3ACF = {
						CreatedOnToolsVersion = 13.4.1;
						TestTargetID = AD30DE1D2859A902000D3ACF;
					};
				};
			};
			buildConfigurationList = AD30DE0C2859A901000D3ACF /* Build configuration list for PBXProject "SymblDemo" */;
			compatibilityVersion = "Xcode 13.0";
			developmentRegion = en;
			hasScannedForEncodings = 0;
			knownRegions = (
				en,
				Base,
			);
			mainGroup = AD30DE082859A901000D3ACF;
			packageReferences = (
			);
			productRefGroup = AD30DE192859A902000D3ACF /* Products */;
			projectDirPath = "";
			projectRoot = "";
			targets = (
				AD30DE172859A902000D3ACF /* SymblDemo (iOS) */,
				AD30DE1D2859A902000D3ACF /* SymblDemo (macOS) */,
				AD30DE242859A902000D3ACF /* Tests iOS */,
				AD30DE302859A902000D3ACF /* Tests macOS */,
			);
		};
/* End PBXProject section */

/* Begin PBXResourcesBuildPhase section */
		AD30DE162859A902000D3ACF /* Resources */ = {
			isa = PBXResourcesBuildPhase;
			buildActionMask = 2147483647;
			files = (
				AD30DE412859A902000D3ACF /* Assets.xcassets in Resources */,
			);
			runOnlyForDeploymentPostprocessing = 0;
		};
		AD30DE1C2859A902000D3ACF /* Resources */ = {
			isa = PBXResourcesBuildPhase;
			buildActionMask = 2147483647;
			files = (
				AD30DE422859A902000D3ACF /* Assets.xcassets in Resources */,
			);
			runOnlyForDeploymentPostprocessing = 0;
		};
		AD30DE232859A902000D3ACF /* Resources */ = {
			isa = PBXResourcesBuildPhase;
			buildActionMask = 2147483647;
			files = (
			);
			runOnlyForDeploymentPostprocessing = 0;
		};
		AD30DE2F2859A902000D3ACF /* Resources */ = {
			isa = PBXResourcesBuildPhase;
			buildActionMask = 2147483647;
			files = (
			);
			runOnlyForDeploymentPostprocessing = 0;
		};
/* End PBXResourcesBuildPhase section */

/* Begin PBXSourcesBuildPhase section */
		AD30DE142859A902000D3ACF /* Sources */ = {
			isa = PBXSourcesBuildPhase;
			buildActionMask = 2147483647;
			files = (
				AD30DE3B2859A902000D3ACF /* SymblDemoApp.swift in Sources */,
				AD30DE3F2859A902000D3ACF /* Persistence.swift in Sources */,
				AD14D0012862E22B002F00D8 /* RecordingView.swift in Sources */,
				AD0C1B9B2859AF5E009B810B /* CaptureSession.swift in Sources */,
				AD0C1B972859ACA6009B810B /* Extensions.swift in Sources */,
				AD30DE392859A902000D3ACF /* SymblDemo.xcdatamodeld in Sources */,
				AD30DE3D2859A902000D3ACF /* ContentView.swift in Sources */,
			);
			runOnlyForDeploymentPostprocessing = 0;
		};
		AD30DE1A2859A902000D3ACF /* Sources */ = {
			isa = PBXSourcesBuildPhase;
			buildActionMask = 2147483647;
			files = (
				AD30DE3C2859A902000D3ACF /* SymblDemoApp.swift in Sources */,
				AD30DE402859A902000D3ACF /* Persistence.swift in Sources */,
				ADD2620F2863487B00F482B2 /* RecordingView.swift in Sources */,
				AD30DE3A2859A902000D3ACF /* SymblDemo.xcdatamodeld in Sources */,
				AD30DE3E2859A902000D3ACF /* ContentView.swift in Sources */,
			);
			runOnlyForDeploymentPostprocessing = 0;
		};
		AD30DE212859A902000D3ACF /* Sources */ = {
			isa = PBXSourcesBuildPhase;
			buildActionMask = 2147483647;
			files = (
				AD30DE2C2859A902000D3ACF /* Tests_iOSLaunchTests.swift in Sources */,
				AD30DE2A2859A902000D3ACF /* Tests_iOS.swift in Sources */,
			);
			runOnlyForDeploymentPostprocessing = 0;
		};
		AD30DE2D2859A902000D3ACF /* Sources */ = {
			isa = PBXSourcesBuildPhase;
			buildActionMask = 2147483647;
			files = (
				AD30DE382859A902000D3ACF /* Tests_macOSLaunchTests.swift in Sources */,
				AD30DE362859A902000D3ACF /* Tests_macOS.swift in Sources */,
			);
			runOnlyForDeploymentPostprocessing = 0;
		};
/* End PBXSourcesBuildPhase section */

/* Begin PBXTargetDependency section */
		AD30DE272859A902000D3ACF /* PBXTargetDependency */ = {
			isa = PBXTargetDependency;
			target = AD30DE172859A902000D3ACF /* SymblDemo (iOS) */;
			targetProxy = AD30DE262859A902000D3ACF /* PBXContainerItemProxy */;
		};
		AD30DE332859A902000D3ACF /* PBXTargetDependency */ = {
			isa = PBXTargetDependency;
			target = AD30DE1D2859A902000D3ACF /* SymblDemo (macOS) */;
			targetProxy = AD30DE322859A902000D3ACF /* PBXContainerItemProxy */;
		};
/* End PBXTargetDependency section */

/* Begin XCBuildConfiguration section */
		AD30DE432859A902000D3ACF /* Debug */ = {
			isa = XCBuildConfiguration;
			buildSettings = {
				ALWAYS_SEARCH_USER_PATHS = NO;
				CLANG_ANALYZER_NONNULL = YES;
				CLANG_ANALYZER_NUMBER_OBJECT_CONVERSION = YES_AGGRESSIVE;
				CLANG_CXX_LANGUAGE_STANDARD = "gnu++17";
				CLANG_ENABLE_MODULES = YES;
				CLANG_ENABLE_OBJC_ARC = YES;
				CLANG_ENABLE_OBJC_WEAK = YES;
				CLANG_WARN_BLOCK_CAPTURE_AUTORELEASING = YES;
				CLANG_WARN_BOOL_CONVERSION = YES;
				CLANG_WARN_COMMA = YES;
				CLANG_WARN_CONSTANT_CONVERSION = YES;
				CLANG_WARN_DEPRECATED_OBJC_IMPLEMENTATIONS = YES;
				CLANG_WARN_DIRECT_OBJC_ISA_USAGE = YES_ERROR;
				CLANG_WARN_DOCUMENTATION_COMMENTS = YES;
				CLANG_WARN_EMPTY_BODY = YES;
				CLANG_WARN_ENUM_CONVERSION = YES;
				CLANG_WARN_INFINITE_RECURSION = YES;
				CLANG_WARN_INT_CONVERSION = YES;
				CLANG_WARN_NON_LITERAL_NULL_CONVERSION = YES;
				CLANG_WARN_OBJC_IMPLICIT_RETAIN_SELF = YES;
				CLANG_WARN_OBJC_LITERAL_CONVERSION = YES;
				CLANG_WARN_OBJC_ROOT_CLASS = YES_ERROR;
				CLANG_WARN_QUOTED_INCLUDE_IN_FRAMEWORK_HEADER = YES;
				CLANG_WARN_RANGE_LOOP_ANALYSIS = YES;
				CLANG_WARN_STRICT_PROTOTYPES = YES;
				CLANG_WARN_SUSPICIOUS_MOVE = YES;
				CLANG_WARN_UNGUARDED_AVAILABILITY = YES_AGGRESSIVE;
				CLANG_WARN_UNREACHABLE_CODE = YES;
				CLANG_WARN__DUPLICATE_METHOD_MATCH = YES;
				COPY_PHASE_STRIP = NO;
				DEBUG_INFORMATION_FORMAT = dwarf;
				ENABLE_STRICT_OBJC_MSGSEND = YES;
				ENABLE_TESTABILITY = YES;
				GCC_C_LANGUAGE_STANDARD = gnu11;
				GCC_DYNAMIC_NO_PIC = NO;
				GCC_NO_COMMON_BLOCKS = YES;
				GCC_OPTIMIZATION_LEVEL = 0;
				GCC_PREPROCESSOR_DEFINITIONS = (
					"DEBUG=1",
					"$(inherited)",
				);
				GCC_WARN_64_TO_32_BIT_CONVERSION = YES;
				GCC_WARN_ABOUT_RETURN_TYPE = YES_ERROR;
				GCC_WARN_UNDECLARED_SELECTOR = YES;
				GCC_WARN_UNINITIALIZED_AUTOS = YES_AGGRESSIVE;
				GCC_WARN_UNUSED_FUNCTION = YES;
				GCC_WARN_UNUSED_VARIABLE = YES;
				MTL_ENABLE_DEBUG_INFO = INCLUDE_SOURCE;
				MTL_FAST_MATH = YES;
				ONLY_ACTIVE_ARCH = YES;
				SWIFT_ACTIVE_COMPILATION_CONDITIONS = DEBUG;
				SWIFT_OPTIMIZATION_LEVEL = "-Onone";
			};
			name = Debug;
		};
		AD30DE442859A902000D3ACF /* Release */ = {
			isa = XCBuildConfiguration;
			buildSettings = {
				ALWAYS_SEARCH_USER_PATHS = NO;
				CLANG_ANALYZER_NONNULL = YES;
				CLANG_ANALYZER_NUMBER_OBJECT_CONVERSION = YES_AGGRESSIVE;
				CLANG_CXX_LANGUAGE_STANDARD = "gnu++17";
				CLANG_ENABLE_MODULES = YES;
				CLANG_ENABLE_OBJC_ARC = YES;
				CLANG_ENABLE_OBJC_WEAK = YES;
				CLANG_WARN_BLOCK_CAPTURE_AUTORELEASING = YES;
				CLANG_WARN_BOOL_CONVERSION = YES;
				CLANG_WARN_COMMA = YES;
				CLANG_WARN_CONSTANT_CONVERSION = YES;
				CLANG_WARN_DEPRECATED_OBJC_IMPLEMENTATIONS = YES;
				CLANG_WARN_DIRECT_OBJC_ISA_USAGE = YES_ERROR;
				CLANG_WARN_DOCUMENTATION_COMMENTS = YES;
				CLANG_WARN_EMPTY_BODY = YES;
				CLANG_WARN_ENUM_CONVERSION = YES;
				CLANG_WARN_INFINITE_RECURSION = YES;
				CLANG_WARN_INT_CONVERSION = YES;
				CLANG_WARN_NON_LITERAL_NULL_CONVERSION = YES;
				CLANG_WARN_OBJC_IMPLICIT_RETAIN_SELF = YES;
				CLANG_WARN_OBJC_LITERAL_CONVERSION = YES;
				CLANG_WARN_OBJC_ROOT_CLASS = YES_ERROR;
				CLANG_WARN_QUOTED_INCLUDE_IN_FRAMEWORK_HEADER = YES;
				CLANG_WARN_RANGE_LOOP_ANALYSIS = YES;
				CLANG_WARN_STRICT_PROTOTYPES = YES;
				CLANG_WARN_SUSPICIOUS_MOVE = YES;
				CLANG_WARN_UNGUARDED_AVAILABILITY = YES_AGGRESSIVE;
				CLANG_WARN_UNREACHABLE_CODE = YES;
				CLANG_WARN__DUPLICATE_METHOD_MATCH = YES;
				COPY_PHASE_STRIP = NO;
				DEBUG_INFORMATION_FORMAT = "dwarf-with-dsym";
				ENABLE_NS_ASSERTIONS = NO;
				ENABLE_STRICT_OBJC_MSGSEND = YES;
				GCC_C_LANGUAGE_STANDARD = gnu11;
				GCC_NO_COMMON_BLOCKS = YES;
				GCC_WARN_64_TO_32_BIT_CONVERSION = YES;
				GCC_WARN_ABOUT_RETURN_TYPE = YES_ERROR;
				GCC_WARN_UNDECLARED_SELECTOR = YES;
				GCC_WARN_UNINITIALIZED_AUTOS = YES_AGGRESSIVE;
				GCC_WARN_UNUSED_FUNCTION = YES;
				GCC_WARN_UNUSED_VARIABLE = YES;
				MTL_ENABLE_DEBUG_INFO = NO;
				MTL_FAST_MATH = YES;
				SWIFT_COMPILATION_MODE = wholemodule;
				SWIFT_OPTIMIZATION_LEVEL = "-O";
			};
			name = Release;
		};
		AD30DE462859A902000D3ACF /* Debug */ = {
			isa = XCBuildConfiguration;
			buildSettings = {
				ASSETCATALOG_COMPILER_APPICON_NAME = AppIcon;
				ASSETCATALOG_COMPILER_GLOBAL_ACCENT_COLOR_NAME = AccentColor;
				CODE_SIGN_STYLE = Automatic;
				CURRENT_PROJECT_VERSION = 1;
				DEVELOPMENT_TEAM = 4FGQMH8WW3;
				ENABLE_PREVIEWS = YES;
				GENERATE_INFOPLIST_FILE = YES;
				INFOPLIST_FILE = "SymblDemo--iOS--Info.plist";
				INFOPLIST_KEY_NSMicrophoneUsageDescription = "SymblDemo will need access to your microphone";
				INFOPLIST_KEY_UIApplicationSceneManifest_Generation = YES;
				INFOPLIST_KEY_UIApplicationSupportsIndirectInputEvents = YES;
				INFOPLIST_KEY_UILaunchScreen_Generation = YES;
				INFOPLIST_KEY_UISupportedInterfaceOrientations_iPad = "UIInterfaceOrientationPortrait UIInterfaceOrientationPortraitUpsideDown UIInterfaceOrientationLandscapeLeft UIInterfaceOrientationLandscapeRight";
				INFOPLIST_KEY_UISupportedInterfaceOrientations_iPhone = "UIInterfaceOrientationPortrait UIInterfaceOrientationLandscapeLeft UIInterfaceOrientationLandscapeRight";
				IPHONEOS_DEPLOYMENT_TARGET = 15.5;
				LD_RUNPATH_SEARCH_PATHS = (
					"$(inherited)",
					"@executable_path/Frameworks",
				);
				MARKETING_VERSION = 1.0;
				PRODUCT_BUNDLE_IDENTIFIER = com.example.demo;
				PRODUCT_NAME = SymblDemo;
				SDKROOT = iphoneos;
				SWIFT_EMIT_LOC_STRINGS = YES;
				SWIFT_VERSION = 5.0;
				TARGETED_DEVICE_FAMILY = "1,2";
			};
			name = Debug;
		};
		AD30DE472859A902000D3ACF /* Release */ = {
			isa = XCBuildConfiguration;
			buildSettings = {
				ASSETCATALOG_COMPILER_APPICON_NAME = AppIcon;
				ASSETCATALOG_COMPILER_GLOBAL_ACCENT_COLOR_NAME = AccentColor;
				CODE_SIGN_STYLE = Automatic;
				CURRENT_PROJECT_VERSION = 1;
				DEVELOPMENT_TEAM = BND88S8VXM;
				ENABLE_PREVIEWS = YES;
				GENERATE_INFOPLIST_FILE = YES;
				INFOPLIST_FILE = "SymblDemo--iOS--Info.plist";
				INFOPLIST_KEY_NSMicrophoneUsageDescription = "SymblDemo will need access to your microphone";
				INFOPLIST_KEY_UIApplicationSceneManifest_Generation = YES;
				INFOPLIST_KEY_UIApplicationSupportsIndirectInputEvents = YES;
				INFOPLIST_KEY_UILaunchScreen_Generation = YES;
				INFOPLIST_KEY_UISupportedInterfaceOrientations_iPad = "UIInterfaceOrientationPortrait UIInterfaceOrientationPortraitUpsideDown UIInterfaceOrientationLandscapeLeft UIInterfaceOrientationLandscapeRight";
				INFOPLIST_KEY_UISupportedInterfaceOrientations_iPhone = "UIInterfaceOrientationPortrait UIInterfaceOrientationLandscapeLeft UIInterfaceOrientationLandscapeRight";
				IPHONEOS_DEPLOYMENT_TARGET = 15.5;
				LD_RUNPATH_SEARCH_PATHS = (
					"$(inherited)",
					"@executable_path/Frameworks",
				);
				MARKETING_VERSION = 1.0;
				PRODUCT_BUNDLE_IDENTIFIER = com.example.demo;
				PRODUCT_NAME = SymblDemo;
				SDKROOT = iphoneos;
				SWIFT_EMIT_LOC_STRINGS = YES;
				SWIFT_VERSION = 5.0;
				TARGETED_DEVICE_FAMILY = "1,2";
				VALIDATE_PRODUCT = YES;
			};
			name = Release;
		};
		AD30DE492859A902000D3ACF /* Debug */ = {
			isa = XCBuildConfiguration;
			buildSettings = {
				ASSETCATALOG_COMPILER_APPICON_NAME = AppIcon;
				ASSETCATALOG_COMPILER_GLOBAL_ACCENT_COLOR_NAME = AccentColor;
				CODE_SIGN_ENTITLEMENTS = macOS/macOS.entitlements;
				CODE_SIGN_STYLE = Automatic;
				COMBINE_HIDPI_IMAGES = YES;
				CURRENT_PROJECT_VERSION = 1;
				DEVELOPMENT_TEAM = 4FGQMH8WW3;
				ENABLE_HARDENED_RUNTIME = YES;
				ENABLE_PREVIEWS = YES;
				GENERATE_INFOPLIST_FILE = YES;
				INFOPLIST_KEY_NSHumanReadableCopyright = "";
				LD_RUNPATH_SEARCH_PATHS = (
					"$(inherited)",
					"@executable_path/../Frameworks",
				);
				MACOSX_DEPLOYMENT_TARGET = 12.3;
				MARKETING_VERSION = 1.0;
				PRODUCT_BUNDLE_IDENTIFIER = com.example.demo;
				PRODUCT_NAME = SymblDemo;
				SDKROOT = macosx;
				SWIFT_EMIT_LOC_STRINGS = YES;
				SWIFT_VERSION = 5.0;
			};
			name = Debug;
		};
		AD30DE4A2859A902000D3ACF /* Release */ = {
			isa = XCBuildConfiguration;
			buildSettings = {
				ASSETCATALOG_COMPILER_APPICON_NAME = AppIcon;
				ASSETCATALOG_COMPILER_GLOBAL_ACCENT_COLOR_NAME = AccentColor;
				CODE_SIGN_ENTITLEMENTS = macOS/macOS.entitlements;
				CODE_SIGN_STYLE = Automatic;
				COMBINE_HIDPI_IMAGES = YES;
				CURRENT_PROJECT_VERSION = 1;
				DEVELOPMENT_TEAM = 4FGQMH8WW3;
				ENABLE_HARDENED_RUNTIME = YES;
				ENABLE_PREVIEWS = YES;
				GENERATE_INFOPLIST_FILE = YES;
				INFOPLIST_KEY_NSHumanReadableCopyright = "";
				LD_RUNPATH_SEARCH_PATHS = (
					"$(inherited)",
					"@executable_path/../Frameworks",
				);
				MACOSX_DEPLOYMENT_TARGET = 12.3;
				MARKETING_VERSION = 1.0;
				PRODUCT_BUNDLE_IDENTIFIER = com.example.demo;
				PRODUCT_NAME = SymblDemo;
				SDKROOT = macosx;
				SWIFT_EMIT_LOC_STRINGS = YES;
				SWIFT_VERSION = 5.0;
			};
			name = Release;
		};
		AD30DE4C2859A902000D3ACF /* Debug */ = {
			isa = XCBuildConfiguration;
			buildSettings = {
				ALWAYS_EMBED_SWIFT_STANDARD_LIBRARIES = YES;
				CODE_SIGN_STYLE = Automatic;
				CURRENT_PROJECT_VERSION = 1;
				DEVELOPMENT_TEAM = BND88S8VXM;
				GENERATE_INFOPLIST_FILE = YES;
				IPHONEOS_DEPLOYMENT_TARGET = 15.5;
				MARKETING_VERSION = 1.0;
				PRODUCT_BUNDLE_IDENTIFIER = "com.example.Tests-iOS";
				PRODUCT_NAME = "$(TARGET_NAME)";
				SDKROOT = iphoneos;
				SWIFT_EMIT_LOC_STRINGS = NO;
				SWIFT_VERSION = 5.0;
				TARGETED_DEVICE_FAMILY = "1,2";
				TEST_TARGET_NAME = "SymblDemo (iOS)";
			};
			name = Debug;
		};
		AD30DE4D2859A902000D3ACF /* Release */ = {
			isa = XCBuildConfiguration;
			buildSettings = {
				ALWAYS_EMBED_SWIFT_STANDARD_LIBRARIES = YES;
				CODE_SIGN_STYLE = Automatic;
				CURRENT_PROJECT_VERSION = 1;
				DEVELOPMENT_TEAM = BND88S8VXM;
				GENERATE_INFOPLIST_FILE = YES;
				IPHONEOS_DEPLOYMENT_TARGET = 15.5;
				MARKETING_VERSION = 1.0;
				PRODUCT_BUNDLE_IDENTIFIER = "com.example.Tests-iOS";
				PRODUCT_NAME = "$(TARGET_NAME)";
				SDKROOT = iphoneos;
				SWIFT_EMIT_LOC_STRINGS = NO;
				SWIFT_VERSION = 5.0;
				TARGETED_DEVICE_FAMILY = "1,2";
				TEST_TARGET_NAME = "SymblDemo (iOS)";
				VALIDATE_PRODUCT = YES;
			};
			name = Release;
		};
		AD30DE4F2859A902000D3ACF /* Debug */ = {
			isa = XCBuildConfiguration;
			buildSettings = {
				ALWAYS_EMBED_SWIFT_STANDARD_LIBRARIES = YES;
				CODE_SIGN_STYLE = Automatic;
				CURRENT_PROJECT_VERSION = 1;
				DEVELOPMENT_TEAM = BND88S8VXM;
				GENERATE_INFOPLIST_FILE = YES;
				MACOSX_DEPLOYMENT_TARGET = 12.3;
				MARKETING_VERSION = 1.0;
				PRODUCT_BUNDLE_IDENTIFIER = "com.example.Tests-macOS";
				PRODUCT_NAME = "$(TARGET_NAME)";
				SDKROOT = macosx;
				SWIFT_EMIT_LOC_STRINGS = NO;
				SWIFT_VERSION = 5.0;
				TEST_TARGET_NAME = "SymblDemo (macOS)";
			};
			name = Debug;
		};
		AD30DE502859A902000D3ACF /* Release */ = {
			isa = XCBuildConfiguration;
			buildSettings = {
				ALWAYS_EMBED_SWIFT_STANDARD_LIBRARIES = YES;
				CODE_SIGN_STYLE = Automatic;
				CURRENT_PROJECT_VERSION = 1;
				DEVELOPMENT_TEAM = BND88S8VXM;
				GENERATE_INFOPLIST_FILE = YES;
				MACOSX_DEPLOYMENT_TARGET = 12.3;
				MARKETING_VERSION = 1.0;
				PRODUCT_BUNDLE_IDENTIFIER = "com.example.Tests-macOS";
				PRODUCT_NAME = "$(TARGET_NAME)";
				SDKROOT = macosx;
				SWIFT_EMIT_LOC_STRINGS = NO;
				SWIFT_VERSION = 5.0;
				TEST_TARGET_NAME = "SymblDemo (macOS)";
			};
			name = Release;
		};
/* End XCBuildConfiguration section */

/* Begin XCConfigurationList section */
		AD30DE0C2859A901000D3ACF /* Build configuration list for PBXProject "SymblDemo" */ = {
			isa = XCConfigurationList;
			buildConfigurations = (
				AD30DE432859A902000D3ACF /* Debug */,
				AD30DE442859A902000D3ACF /* Release */,
			);
			defaultConfigurationIsVisible = 0;
			defaultConfigurationName = Release;
		};
		AD30DE452859A902000D3ACF /* Build configuration list for PBXNativeTarget "SymblDemo (iOS)" */ = {
			isa = XCConfigurationList;
			buildConfigurations = (
				AD30DE462859A902000D3ACF /* Debug */,
				AD30DE472859A902000D3ACF /* Release */,
			);
			defaultConfigurationIsVisible = 0;
			defaultConfigurationName = Release;
		};
		AD30DE482859A902000D3ACF /* Build configuration list for PBXNativeTarget "SymblDemo (macOS)" */ = {
			isa = XCConfigurationList;
			buildConfigurations = (
				AD30DE492859A902000D3ACF /* Debug */,
				AD30DE4A2859A902000D3ACF /* Release */,
			);
			defaultConfigurationIsVisible = 0;
			defaultConfigurationName = Release;
		};
		AD30DE4B2859A902000D3ACF /* Build configuration list for PBXNativeTarget "Tests iOS" */ = {
			isa = XCConfigurationList;
			buildConfigurations = (
				AD30DE4C2859A902000D3ACF /* Debug */,
				AD30DE4D2859A902000D3ACF /* Release */,
			);
			defaultConfigurationIsVisible = 0;
			defaultConfigurationName = Release;
		};
		AD30DE4E2859A902000D3ACF /* Build configuration list for PBXNativeTarget "Tests macOS" */ = {
			isa = XCConfigurationList;
			buildConfigurations = (
				AD30DE4F2859A902000D3ACF /* Debug */,
				AD30DE502859A902000D3ACF /* Release */,
			);
			defaultConfigurationIsVisible = 0;
			defaultConfigurationName = Release;
		};
/* End XCConfigurationList section */

/* Begin XCSwiftPackageProductDependency section */
		AD0AE8EB286479E8002A653B /* SymblSwiftSDK */ = {
			isa = XCSwiftPackageProductDependency;
			productName = SymblSwiftSDK;
		};
		AD0AE8ED286479ED002A653B /* SymblSwiftSDK */ = {
			isa = XCSwiftPackageProductDependency;
			productName = SymblSwiftSDK;
		};
/* End XCSwiftPackageProductDependency section */

/* Begin XCVersionGroup section */
		AD30DE0E2859A901000D3ACF /* SymblDemo.xcdatamodeld */ = {
			isa = XCVersionGroup;
			children = (
				AD30DE0F2859A901000D3ACF /* Shared.xcdatamodel */,
			);
			currentVersion = AD30DE0F2859A901000D3ACF /* Shared.xcdatamodel */;
			path = SymblDemo.xcdatamodeld;
			sourceTree = "<group>";
			versionGroupType = wrapper.xcdatamodel;
		};
/* End XCVersionGroup section */
	};
	rootObject = AD30DE092859A901000D3ACF /* Project object */;
}
