{
  "pins" : [
    {
      "identity" : "symbl-swift-sdk",
      "kind" : "remoteSourceControl",
      "location" : "https://github.com/subodhjena/symbl-swift-sdk",
      "state" : {
        "branch" : "main",
        "revision" : "55e5db12deb61a969e98d39e79b62b4e5e7dfa21"
      }
    }
  ],
  "version" : 2
}
